
Microsoft Visual Studio Solution File, Format Version 12.00
# Visual Studio Version 16
VisualStudioVersion = 16.0.32106.194
MinimumVisualStudioVersion = 10.0.40219.1
Project("{FAE04EC0-301F-11D3-BF4B-00C04F79EFBC}") = "department_s", "department_s\department_s.csproj", "{9C062C91-FD50-4A09-83BC-EFD19C12F9C0}"
EndProject
Global
	GlobalSection(SolutionConfigurationPlatforms) = preSolution
		Debug|Any CPU = Debug|Any CPU
		Release|Any CPU = Release|Any CPU
	EndGlobalSection
	GlobalSection(ProjectConfigurationPlatforms) = postSolution
		{9C062C91-FD50-4A09-83BC-EFD19C12F9C0}.Debug|Any CPU.ActiveCfg = Debug|Any CPU
		{9C062C91-FD50-4A09-83BC-EFD19C12F9C0}.Debug|Any CPU.Build.0 = Debug|Any CPU
		{9C062C91-FD50-4A09-83BC-EFD19C12F9C0}.Release|Any CPU.ActiveCfg = Release|Any CPU
		{9C062C91-FD50-4A09-83BC-EFD19C12F9C0}.Release|Any CPU.Build.0 = Release|Any CPU
	EndGlobalSection
	GlobalSection(SolutionProperties) = preSolution
		HideSolutionNode = FALSE
	EndGlobalSection
	GlobalSection(ExtensibilityGlobals) = postSolution
		SolutionGuid = {EEDA83EC-F9F2-459D-B464-BB30D9ED795F}
	EndGlobalSection
EndGlobal
